
Microsoft Visual Studio Solution File, Format Version 12.00
# Visual Studio Version 16
VisualStudioVersion = 25.0.1704.2
MinimumVisualStudioVersion = 10.0.40219.1
Project("{FAE04EC0-301F-11D3-BF4B-00C04F79EFBC}") = "Deliverable_4", "Deliverable_4\Deliverable_4.csproj", "{3906931D-78EE-4520-89D9-76DE3B5F67CD}"
EndProject
Global
	GlobalSection(SolutionConfigurationPlatforms) = preSolution
		Debug|Any CPU = Debug|Any CPU
		Release|Any CPU = Release|Any CPU
	EndGlobalSection
	GlobalSection(ProjectConfigurationPlatforms) = postSolution
		{3906931D-78EE-4520-89D9-76DE3B5F67CD}.Debug|Any CPU.ActiveCfg = Debug|Any CPU
		{3906931D-78EE-4520-89D9-76DE3B5F67CD}.Debug|Any CPU.Build.0 = Debug|Any CPU
		{3906931D-78EE-4520-89D9-76DE3B5F67CD}.Release|Any CPU.ActiveCfg = Release|Any CPU
		{3906931D-78EE-4520-89D9-76DE3B5F67CD}.Release|Any CPU.Build.0 = Release|Any CPU
	EndGlobalSection
	GlobalSection(SolutionProperties) = preSolution
		HideSolutionNode = FALSE
	EndGlobalSection
	GlobalSection(ExtensibilityGlobals) = postSolution
		SolutionGuid = {82A9A44F-8786-492D-9ABC-1D0076FEEBA9}
	EndGlobalSection
EndGlobal
